{
  "lockfileVersion": 1,
  "configVersion": 1,
  "workspaces": {
    "": {
      "name": "yellowjacket-initial-setup",
      "devDependencies": {
        "typescript": "^5.8.3",
      },
    },
    "packages/yellowjacket-app-bindings": {
      "name": "@yellowjacket/app-bindings",
      "version": "1.1.0",
    },
    "packages/yellowjacket-contracts": {
      "name": "@yellowjacket/contracts",
      "version": "1.1.0",
    },
    "packages/yellowjacket-core": {
      "name": "@yellowjacket/core",
      "version": "1.1.0",
    },
    "packages/yellowjacket-domain-packs": {
      "name": "@yellowjacket/domain-packs",
      "version": "1.1.0",
    },
    "packages/yellowjacket-execution-adapters": {
      "name": "@yellowjacket/execution-adapters",
      "version": "0.1.0",
    },
    "packages/yellowjacket-verification": {
      "name": "@yellowjacket/verification",
      "version": "1.1.0",
    },
    "packages/yellowjacket-workcells": {
      "name": "@yellowjacket/workcells",
      "version": "1.1.0",
    },
  },
  "packages": {
    "@yellowjacket/app-bindings": ["@yellowjacket/app-bindings@workspace:packages/yellowjacket-app-bindings"],

    "@yellowjacket/contracts": ["@yellowjacket/contracts@workspace:packages/yellowjacket-contracts"],

    "@yellowjacket/core": ["@yellowjacket/core@workspace:packages/yellowjacket-core"],

    "@yellowjacket/domain-packs": ["@yellowjacket/domain-packs@workspace:packages/yellowjacket-domain-packs"],

    "@yellowjacket/execution-adapters": ["@yellowjacket/execution-adapters@workspace:packages/yellowjacket-execution-adapters"],

    "@yellowjacket/verification": ["@yellowjacket/verification@workspace:packages/yellowjacket-verification"],

    "@yellowjacket/workcells": ["@yellowjacket/workcells@workspace:packages/yellowjacket-workcells"],

    "typescript": ["typescript@5.9.3", "", { "bin": { "tsc": "bin/tsc", "tsserver": "bin/tsserver" } }, "sha512-jl1vZzPDinLr9eUt3J/t7V6FgNEw9QjvBPdysz9KfQDD41fQrC2Y4vKQdiaUpFT4bXlb1RHhLpp8wtm6M5TgSw=="],
  }
}
